
Microsoft Visual Studio Solution File, Format Version 12.00
# Visual Studio 15
VisualStudioVersion = 15.0.28307.1062
MinimumVisualStudioVersion = 10.0.40219.1
Project("{FAE04EC0-301F-11D3-BF4B-00C04F79EFBC}") = "Keygens AIO", "Keygens AIO\Keygens AIO.csproj", "{60A45024-662F-48E0-BC67-7A5AF73C2B18}"
EndProject
Global
	GlobalSection(SolutionConfigurationPlatforms) = preSolution
		Debug|Any CPU = Debug|Any CPU
		Release|Any CPU = Release|Any CPU
	EndGlobalSection
	GlobalSection(ProjectConfigurationPlatforms) = postSolution
		{60A45024-662F-48E0-BC67-7A5AF73C2B18}.Debug|Any CPU.ActiveCfg = Debug|Any CPU
		{60A45024-662F-48E0-BC67-7A5AF73C2B18}.Debug|Any CPU.Build.0 = Debug|Any CPU
		{60A45024-662F-48E0-BC67-7A5AF73C2B18}.Release|Any CPU.ActiveCfg = Release|Any CPU
		{60A45024-662F-48E0-BC67-7A5AF73C2B18}.Release|Any CPU.Build.0 = Release|Any CPU
	EndGlobalSection
	GlobalSection(SolutionProperties) = preSolution
		HideSolutionNode = FALSE
	EndGlobalSection
	GlobalSection(ExtensibilityGlobals) = postSolution
		SolutionGuid = {7D6A71E6-88E7-4EC2-ACDD-1412F6A45EC3}
	EndGlobalSection
EndGlobal
